{
  "lockfileVersion": 1,
  "configVersion": 1,
  "workspaces": {
    "": {
      "name": "meo-mai-moi",
      "dependencies": {
        "docs": "^0.3.2-canary.0",
      },
    },
  },
  "packages": {
    "docs": ["docs@0.3.2-canary.0", "", { "bin": { "docs": "./dist/bin.js" } }, "sha512-jkGIXsVKFcs8SXpqJuIPZJvwAuHqNwlatDSFLhMXLQDqsvQp+IK7JAdbdJvrypJrdXUnWJTntur3s4qfh6JQCQ=="],
  }
}
